
Microsoft Visual Studio Solution File, Format Version 12.00
# Visual Studio Version 17
VisualStudioVersion = 17.3.32901.215
MinimumVisualStudioVersion = 10.0.40219.1
Project("{FAE04EC0-301F-11D3-BF4B-00C04F79EFBC}") = "BinarySearch", "LeetcodeSoln\BinarySearch.csproj", "{09DF2C8A-5C34-4CF2-85B9-54E4E8D3DFF9}"
EndProject
Project("{FAE04EC0-301F-11D3-BF4B-00C04F79EFBC}") = "Search Insert Position", "Search Insert Position\Search Insert Position.csproj", "{2FA31006-B86D-4B8E-BA14-6173859D75E1}"
EndProject
Project("{FAE04EC0-301F-11D3-BF4B-00C04F79EFBC}") = "Squares of a Sorted Array", "Squares of a Sorted Array\Squares of a Sorted Array.csproj", "{36C8B4F3-2401-4FBF-BAA8-B9C41C61AC0A}"
EndProject
Project("{FAE04EC0-301F-11D3-BF4B-00C04F79EFBC}") = "Rotate Array", "Rotate Array\Rotate Array.csproj", "{85B14B2F-257E-4E27-A6FF-F936AFE3A8D0}"
EndProject
Project("{FAE04EC0-301F-11D3-BF4B-00C04F79EFBC}") = "MoveZeros", "MoveZeros\MoveZeros.csproj", "{F4E604E8-59E7-43AC-88B7-AAEFC725D9AB}"
EndProject
Project("{FAE04EC0-301F-11D3-BF4B-00C04F79EFBC}") = "Two sum 2", "Two sum 2\Two sum 2.csproj", "{AF75B110-1CB1-4544-9DF1-212A2A54DDD2}"
EndProject
Project("{FAE04EC0-301F-11D3-BF4B-00C04F79EFBC}") = "ReverseString", "ReverseString\ReverseString.csproj", "{0560E258-87EA-40E8-88DA-895D73D4D218}"
EndProject
Project("{FAE04EC0-301F-11D3-BF4B-00C04F79EFBC}") = "Reverse words in a string", "Reverse words in a string\Reverse words in a string.csproj", "{F270F412-7805-4E95-8851-DF7F6529EFCD}"
EndProject
Project("{FAE04EC0-301F-11D3-BF4B-00C04F79EFBC}") = "Middle of Linked List", "Middle of Linked List\Middle of Linked List.csproj", "{8E15BC55-A918-445E-91CE-D5746937276A}"
EndProject
Project("{FAE04EC0-301F-11D3-BF4B-00C04F79EFBC}") = "Remove Nth node from end of list", "Remove Nth node from end of list\Remove Nth node from end of list.csproj", "{80A01689-44E6-49D2-9B4D-8B1CE64E21B4}"
EndProject
Project("{FAE04EC0-301F-11D3-BF4B-00C04F79EFBC}") = "Longest Substring Without Repeating Characters", "Longest Substring Without Repeating Characters\Longest Substring Without Repeating Characters.csproj", "{21B00499-8B15-490D-8521-9C038C5A5747}"
EndProject
Project("{FAE04EC0-301F-11D3-BF4B-00C04F79EFBC}") = "Permutation", "Permutation\Permutation.csproj", "{5C56773C-A595-46A0-9962-60DBC0EBA562}"
EndProject
Project("{FAE04EC0-301F-11D3-BF4B-00C04F79EFBC}") = "Flood Fill", "Flood Fill\Flood Fill.csproj", "{39AF033F-D67C-4D97-85E3-8151EB400899}"
EndProject
Project("{FAE04EC0-301F-11D3-BF4B-00C04F79EFBC}") = "ValidParenthesis", "ValidParenthesis\ValidParenthesis.csproj", "{D5B01CB5-DB9E-477A-B9BE-D71353A865E5}"
EndProject
Global
	GlobalSection(SolutionConfigurationPlatforms) = preSolution
		Debug|Any CPU = Debug|Any CPU
		Release|Any CPU = Release|Any CPU
	EndGlobalSection
	GlobalSection(ProjectConfigurationPlatforms) = postSolution
		{09DF2C8A-5C34-4CF2-85B9-54E4E8D3DFF9}.Debug|Any CPU.ActiveCfg = Debug|Any CPU
		{09DF2C8A-5C34-4CF2-85B9-54E4E8D3DFF9}.Debug|Any CPU.Build.0 = Debug|Any CPU
		{09DF2C8A-5C34-4CF2-85B9-54E4E8D3DFF9}.Release|Any CPU.ActiveCfg = Release|Any CPU
		{09DF2C8A-5C34-4CF2-85B9-54E4E8D3DFF9}.Release|Any CPU.Build.0 = Release|Any CPU
		{2FA31006-B86D-4B8E-BA14-6173859D75E1}.Debug|Any CPU.ActiveCfg = Debug|Any CPU
		{2FA31006-B86D-4B8E-BA14-6173859D75E1}.Debug|Any CPU.Build.0 = Debug|Any CPU
		{2FA31006-B86D-4B8E-BA14-6173859D75E1}.Release|Any CPU.ActiveCfg = Release|Any CPU
		{2FA31006-B86D-4B8E-BA14-6173859D75E1}.Release|Any CPU.Build.0 = Release|Any CPU
		{36C8B4F3-2401-4FBF-BAA8-B9C41C61AC0A}.Debug|Any CPU.ActiveCfg = Debug|Any CPU
		{36C8B4F3-2401-4FBF-BAA8-B9C41C61AC0A}.Debug|Any CPU.Build.0 = Debug|Any CPU
		{36C8B4F3-2401-4FBF-BAA8-B9C41C61AC0A}.Release|Any CPU.ActiveCfg = Release|Any CPU
		{36C8B4F3-2401-4FBF-BAA8-B9C41C61AC0A}.Release|Any CPU.Build.0 = Release|Any CPU
		{85B14B2F-257E-4E27-A6FF-F936AFE3A8D0}.Debug|Any CPU.ActiveCfg = Debug|Any CPU
		{85B14B2F-257E-4E27-A6FF-F936AFE3A8D0}.Debug|Any CPU.Build.0 = Debug|Any CPU
		{85B14B2F-257E-4E27-A6FF-F936AFE3A8D0}.Release|Any CPU.ActiveCfg = Release|Any CPU
		{85B14B2F-257E-4E27-A6FF-F936AFE3A8D0}.Release|Any CPU.Build.0 = Release|Any CPU
		{F4E604E8-59E7-43AC-88B7-AAEFC725D9AB}.Debug|Any CPU.ActiveCfg = Debug|Any CPU
		{F4E604E8-59E7-43AC-88B7-AAEFC725D9AB}.Debug|Any CPU.Build.0 = Debug|Any CPU
		{F4E604E8-59E7-43AC-88B7-AAEFC725D9AB}.Release|Any CPU.ActiveCfg = Release|Any CPU
		{F4E604E8-59E7-43AC-88B7-AAEFC725D9AB}.Release|Any CPU.Build.0 = Release|Any CPU
		{AF75B110-1CB1-4544-9DF1-212A2A54DDD2}.Debug|Any CPU.ActiveCfg = Debug|Any CPU
		{AF75B110-1CB1-4544-9DF1-212A2A54DDD2}.Debug|Any CPU.Build.0 = Debug|Any CPU
		{AF75B110-1CB1-4544-9DF1-212A2A54DDD2}.Release|Any CPU.ActiveCfg = Release|Any CPU
		{AF75B110-1CB1-4544-9DF1-212A2A54DDD2}.Release|Any CPU.Build.0 = Release|Any CPU
		{0560E258-87EA-40E8-88DA-895D73D4D218}.Debug|Any CPU.ActiveCfg = Debug|Any CPU
		{0560E258-87EA-40E8-88DA-895D73D4D218}.Debug|Any CPU.Build.0 = Debug|Any CPU
		{0560E258-87EA-40E8-88DA-895D73D4D218}.Release|Any CPU.ActiveCfg = Release|Any CPU
		{0560E258-87EA-40E8-88DA-895D73D4D218}.Release|Any CPU.Build.0 = Release|Any CPU
		{F270F412-7805-4E95-8851-DF7F6529EFCD}.Debug|Any CPU.ActiveCfg = Debug|Any CPU
		{F270F412-7805-4E95-8851-DF7F6529EFCD}.Debug|Any CPU.Build.0 = Debug|Any CPU
		{F270F412-7805-4E95-8851-DF7F6529EFCD}.Release|Any CPU.ActiveCfg = Release|Any CPU
		{F270F412-7805-4E95-8851-DF7F6529EFCD}.Release|Any CPU.Build.0 = Release|Any CPU
		{8E15BC55-A918-445E-91CE-D5746937276A}.Debug|Any CPU.ActiveCfg = Debug|Any CPU
		{8E15BC55-A918-445E-91CE-D5746937276A}.Debug|Any CPU.Build.0 = Debug|Any CPU
		{8E15BC55-A918-445E-91CE-D5746937276A}.Release|Any CPU.ActiveCfg = Release|Any CPU
		{8E15BC55-A918-445E-91CE-D5746937276A}.Release|Any CPU.Build.0 = Release|Any CPU
		{80A01689-44E6-49D2-9B4D-8B1CE64E21B4}.Debug|Any CPU.ActiveCfg = Debug|Any CPU
		{80A01689-44E6-49D2-9B4D-8B1CE64E21B4}.Debug|Any CPU.Build.0 = Debug|Any CPU
		{80A01689-44E6-49D2-9B4D-8B1CE64E21B4}.Release|Any CPU.ActiveCfg = Release|Any CPU
		{80A01689-44E6-49D2-9B4D-8B1CE64E21B4}.Release|Any CPU.Build.0 = Release|Any CPU
		{21B00499-8B15-490D-8521-9C038C5A5747}.Debug|Any CPU.ActiveCfg = Debug|Any CPU
		{21B00499-8B15-490D-8521-9C038C5A5747}.Debug|Any CPU.Build.0 = Debug|Any CPU
		{21B00499-8B15-490D-8521-9C038C5A5747}.Release|Any CPU.ActiveCfg = Release|Any CPU
		{21B00499-8B15-490D-8521-9C038C5A5747}.Release|Any CPU.Build.0 = Release|Any CPU
		{5C56773C-A595-46A0-9962-60DBC0EBA562}.Debug|Any CPU.ActiveCfg = Debug|Any CPU
		{5C56773C-A595-46A0-9962-60DBC0EBA562}.Debug|Any CPU.Build.0 = Debug|Any CPU
		{5C56773C-A595-46A0-9962-60DBC0EBA562}.Release|Any CPU.ActiveCfg = Release|Any CPU
		{5C56773C-A595-46A0-9962-60DBC0EBA562}.Release|Any CPU.Build.0 = Release|Any CPU
		{39AF033F-D67C-4D97-85E3-8151EB400899}.Debug|Any CPU.ActiveCfg = Debug|Any CPU
		{39AF033F-D67C-4D97-85E3-8151EB400899}.Debug|Any CPU.Build.0 = Debug|Any CPU
		{39AF033F-D67C-4D97-85E3-8151EB400899}.Release|Any CPU.ActiveCfg = Release|Any CPU
		{39AF033F-D67C-4D97-85E3-8151EB400899}.Release|Any CPU.Build.0 = Release|Any CPU
		{D5B01CB5-DB9E-477A-B9BE-D71353A865E5}.Debug|Any CPU.ActiveCfg = Debug|Any CPU
		{D5B01CB5-DB9E-477A-B9BE-D71353A865E5}.Debug|Any CPU.Build.0 = Debug|Any CPU
		{D5B01CB5-DB9E-477A-B9BE-D71353A865E5}.Release|Any CPU.ActiveCfg = Release|Any CPU
		{D5B01CB5-DB9E-477A-B9BE-D71353A865E5}.Release|Any CPU.Build.0 = Release|Any CPU
	EndGlobalSection
	GlobalSection(SolutionProperties) = preSolution
		HideSolutionNode = FALSE
	EndGlobalSection
	GlobalSection(ExtensibilityGlobals) = postSolution
		SolutionGuid = {CD314AE5-DD05-4A86-A71E-90036EEBB800}
	EndGlobalSection
EndGlobal
